{
  "version": 4,
  "terraform_version": "1.11.4",
  "serial": 28,
  "lineage": "30fba2f1-62ca-b278-66b0-fb49704a2df4",
  "outputs": {
    "backend_public_ip": {
      "value": "18.212.217.127",
      "type": "string"
    },
    "ec2_sg_id": {
      "value": "sg-001b5cf863eef0974",
      "type": "string"
    }
  },
  "resources": [
    {
      "mode": "managed",
      "type": "aws_key_pair",
      "name": "keypair",
      "provider": "provider[\"registry.terraform.io/hashicorp/aws\"]",
      "instances": [
        {
          "schema_version": 1,
          "attributes": {
            "arn": "arn:aws:ec2:us-east-1:240388041814:key-pair/terraform-keypair",
            "fingerprint": "db:8e:ec:fe:86:46:e9:85:d0:0a:86:15:64:0c:9a:43",
            "id": "terraform-keypair",
            "key_name": "terraform-keypair",
            "key_name_prefix": "",
            "key_pair_id": "key-0b3a11a76a13f6d26",
            "key_type": "rsa",
            "public_key": "ssh-rsa AAAAB3NzaC1yc2EAAAADAQABAAABgQDM10ra40Tk0kNLzZt99Kvrw9Sglv8HnP+jiIM/dp3KWqrAZDL9CPE1wKrdx3Y2W2ASMzqKBsrEFCPsQrWd+w7UugHzkYI1vchPAnbKmmFd4uYy3/Kp5YdiMJ4Oe/H7xh/oEyPGCsRSkyJc9vJ6qar6xxjwNcN48aLzZASKyhzySKfiBZqbUeUw4EhfK6YUOqUdacjCyyt6rRyxWutF+j2fol1kiWH/XAR82265Qtb+AelBNAYS0+vYm29gT0UQVm/xj7Llc8dBgH9ULCkGdXbUc55MoXS5o7vEpCt4KYyDPiN2bkz+gfuFoYf0/k/yrgjt6xOUSNZyKJLFTJslA6RK2L4Rtnmu+ujHcIeXv1SDSVpA3q97+33q87cQSCzyf1h13tnwgW2bqE4jSno+ado0BNEILf564Ls3LExvRgUBwpsU1/z1GEd7LxjEDIB5lIU4yFIR6XJsFnGzz4itxi9a+caaotA98HCCvUT+xiFdxuvpotqpMLhluX6PKHuNKoE= jonathansantiago@MacBook-Air-de-Jonathan.local",
            "tags": {},
            "tags_all": {}
          },
          "sensitive_attributes": [],
          "private": "eyJzY2hlbWFfdmVyc2lvbiI6IjEifQ=="
        }
      ]
    },
    {
      "mode": "managed",
      "type": "aws_security_group",
      "name": "backend_sg",
      "provider": "provider[\"registry.terraform.io/hashicorp/aws\"]",
      "instances": [
        {
          "schema_version": 1,
          "attributes": {
            "arn": "arn:aws:ec2:us-east-1:240388041814:security-group/sg-001b5cf863eef0974",
            "description": "Allow HTTP and SSH",
            "egress": [
              {
                "cidr_blocks": [
                  "0.0.0.0/0"
                ],
                "description": "",
                "from_port": 0,
                "ipv6_cidr_blocks": [],
                "prefix_list_ids": [],
                "protocol": "tcp",
                "security_groups": [],
                "self": false,
                "to_port": 65535
              }
            ],
            "id": "sg-001b5cf863eef0974",
            "ingress": [
              {
                "cidr_blocks": [
                  "0.0.0.0/0"
                ],
                "description": "",
                "from_port": 22,
                "ipv6_cidr_blocks": [],
                "prefix_list_ids": [],
                "protocol": "tcp",
                "security_groups": [],
                "self": false,
                "to_port": 22
              },
              {
                "cidr_blocks": [
                  "0.0.0.0/0"
                ],
                "description": "",
                "from_port": 80,
                "ipv6_cidr_blocks": [],
                "prefix_list_ids": [],
                "protocol": "tcp",
                "security_groups": [],
                "self": false,
                "to_port": 80
              }
            ],
            "name": "backend-sg",
            "name_prefix": "",
            "owner_id": "240388041814",
            "revoke_rules_on_delete": false,
            "tags": {},
            "tags_all": {},
            "timeouts": null,
            "vpc_id": "vpc-067edb7ac29cace8d"
          },
          "sensitive_attributes": [],
          "private": "eyJlMmJmYjczMC1lY2FhLTExZTYtOGY4OC0zNDM2M2JjN2M0YzAiOnsiY3JlYXRlIjo2MDAwMDAwMDAwMDAsImRlbGV0ZSI6OTAwMDAwMDAwMDAwfSwic2NoZW1hX3ZlcnNpb24iOiIxIn0="
        }
      ]
    }
  ],
  "check_results": null
}
